<?xml version="1.0" encoding="utf-8"?>
<Project ToolsVersion="4.0" xmlns="http://schemas.microsoft.com/developer/msbuild/2003">
  <ItemGroup>
    <Filter Include="Source Files">
      <UniqueIdentifier>{d443c14a-7f50-48ff-811e-97ddb69fbe1a}</UniqueIdentifier>
      <Extensions>cpp;c;cxx;rc;def;r;odl;idl;hpj;bat</Extensions>
    </Filter>
    <Filter Include="Header Files">
      <UniqueIdentifier>{6d4e5fc4-929f-4149-871c-5876bc4a0e75}</UniqueIdentifier>
      <Extensions>h;hpp;hxx;hm;inl</Extensions>
    </Filter>
    <Filter Include="Resource Files">
      <UniqueIdentifier>{a526528d-aa21-4860-8fc8-1f9be0d31d1f}</UniqueIdentifier>
      <Extensions>ico;cur;bmp;dlg;rc2;rct;bin;rgs;gif;jpg;jpeg;jpe</Extensions>
    </Filter>
  </ItemGroup>
  <ItemGroup>
    <ClCompile Include="about.c">
      <Filter>Source Files</Filter>
    </ClCompile>
    <ClCompile Include="cfg.c">
      <Filter>Source Files</Filter>
    </ClCompile>
    <ClCompile Include="draw.c">
      <Filter>Source Files</Filter>
    </ClCompile>
    <ClCompile Include="fps.c">
      <Filter>Source Files</Filter>
    </ClCompile>
    <ClCompile Include="gpu.c">
      <Filter>Source Files</Filter>
    </ClCompile>
    <ClCompile Include="gpuPeopsOpenGL.c">
      <Filter>Source Files</Filter>
    </ClCompile>
    <ClCompile Include="key.c">
      <Filter>Source Files</Filter>
    </ClCompile>
    <ClCompile Include="menu.c">
      <Filter>Source Files</Filter>
    </ClCompile>
    <ClCompile Include="prim.c">
      <Filter>Source Files</Filter>
    </ClCompile>
    <ClCompile Include="soft.c">
      <Filter>Source Files</Filter>
    </ClCompile>
    <ClCompile Include="ssave.c">
      <Filter>Source Files</Filter>
    </ClCompile>
    <ClCompile Include="texture.c">
      <Filter>Source Files</Filter>
    </ClCompile>
    <ClCompile Include="zn.c">
      <Filter>Source Files</Filter>
    </ClCompile>
    <ClCompile Include="fpsInterpolator.cpp">
      <Filter>Source Files</Filter>
    </ClCompile>
    <ClCompile Include="CppDllMain.cpp">
      <Filter>Source Files</Filter>
    </ClCompile>
  </ItemGroup>
  <ItemGroup>
    <ClInclude Include="about.h">
      <Filter>Header Files</Filter>
    </ClInclude>
    <ClInclude Include="cfg.h">
      <Filter>Header Files</Filter>
    </ClInclude>
    <ClInclude Include="draw.h">
      <Filter>Header Files</Filter>
    </ClInclude>
    <ClInclude Include="externals.h">
      <Filter>Header Files</Filter>
    </ClInclude>
    <ClInclude Include="fps.h">
      <Filter>Header Files</Filter>
    </ClInclude>
    <ClInclude Include="gpu.h">
      <Filter>Header Files</Filter>
    </ClInclude>
    <ClInclude Include="gpuPeopsOpenGL.h">
      <Filter>Header Files</Filter>
    </ClInclude>
    <ClInclude Include="key.h">
      <Filter>Header Files</Filter>
    </ClInclude>
    <ClInclude Include="menu.h">
      <Filter>Header Files</Filter>
    </ClInclude>
    <ClInclude Include="prim.h">
      <Filter>Header Files</Filter>
    </ClInclude>
    <ClInclude Include="psemu.h">
      <Filter>Header Files</Filter>
    </ClInclude>
    <ClInclude Include="psemu_phi.h">
      <Filter>Header Files</Filter>
    </ClInclude>
    <ClInclude Include="resource.h">
      <Filter>Header Files</Filter>
    </ClInclude>
    <ClInclude Include="soft.h">
      <Filter>Header Files</Filter>
    </ClInclude>
    <ClInclude Include="ssave.h">
      <Filter>Header Files</Filter>
    </ClInclude>
    <ClInclude Include="stdafx.h">
      <Filter>Header Files</Filter>
    </ClInclude>
    <ClInclude Include="texture.h">
      <Filter>Header Files</Filter>
    </ClInclude>
    <ClInclude Include="fpsInterpolator.h">
      <Filter>Header Files</Filter>
    </ClInclude>
  </ItemGroup>
  <ItemGroup>
    <Image Include="res\gpu.bmp">
      <Filter>Resource Files</Filter>
    </Image>
  </ItemGroup>
  <ItemGroup>
    <ResourceCompile Include="gpuPeopsOpenGL.rc">
      <Filter>Resource Files</Filter>
    </ResourceCompile>
  </ItemGroup>
  <ItemGroup>
    <CustomBuild Include="gpuPeopsOpenGL.def">
      <Filter>Source Files</Filter>
    </CustomBuild>
  </ItemGroup>
</Project>